
Microsoft Visual Studio Solution File, Format Version 12.00
Project("{FAE04EC0-301F-11D3-BF4B-00C04F79EFBC}") = "Backend", "Backend\Backend.csproj", "{D4A10F04-412B-4A29-9C09-1AFDB4011199}"
EndProject
Global
	GlobalSection(SolutionConfigurationPlatforms) = preSolution
		Debug|Any CPU = Debug|Any CPU
		Release|Any CPU = Release|Any CPU
	EndGlobalSection
	GlobalSection(ProjectConfigurationPlatforms) = postSolution
		{D4A10F04-412B-4A29-9C09-1AFDB4011199}.Debug|Any CPU.ActiveCfg = Debug|Any CPU
		{D4A10F04-412B-4A29-9C09-1AFDB4011199}.Debug|Any CPU.Build.0 = Debug|Any CPU
		{D4A10F04-412B-4A29-9C09-1AFDB4011199}.Release|Any CPU.ActiveCfg = Release|Any CPU
		{D4A10F04-412B-4A29-9C09-1AFDB4011199}.Release|Any CPU.Build.0 = Release|Any CPU
	EndGlobalSection
EndGlobal
